
Microsoft Visual Studio Solution File, Format Version 12.00
# Visual Studio Version 17
VisualStudioVersion = 17.10.35027.167
MinimumVisualStudioVersion = 10.0.40219.1
Project("{FAE04EC0-301F-11D3-BF4B-00C04F79EFBC}") = "QM", "QM.csproj", "{429AA9D6-D361-4D84-BEA5-092D770FAB34}"
EndProject
Global
	GlobalSection(SolutionConfigurationPlatforms) = preSolution
		Debug|Any CPU = Debug|Any CPU
		Release|Any CPU = Release|Any CPU
	EndGlobalSection
	GlobalSection(ProjectConfigurationPlatforms) = postSolution
		{429AA9D6-D361-4D84-BEA5-092D770FAB34}.Debug|Any CPU.ActiveCfg = Debug|Any CPU
		{429AA9D6-D361-4D84-BEA5-092D770FAB34}.Debug|Any CPU.Build.0 = Debug|Any CPU
		{429AA9D6-D361-4D84-BEA5-092D770FAB34}.Release|Any CPU.ActiveCfg = Release|Any CPU
		{429AA9D6-D361-4D84-BEA5-092D770FAB34}.Release|Any CPU.Build.0 = Release|Any CPU
	EndGlobalSection
	GlobalSection(SolutionProperties) = preSolution
		HideSolutionNode = FALSE
	EndGlobalSection
	GlobalSection(ExtensibilityGlobals) = postSolution
		SolutionGuid = {EC9267B4-9C2F-4D85-A2DA-3113F6807E1C}
	EndGlobalSection
EndGlobal
